
Microsoft Visual Studio Solution File, Format Version 12.00
# Visual Studio Version 16
VisualStudioVersion = 16.0.29409.12
MinimumVisualStudioVersion = 10.0.40219.1
Project("{FAE04EC0-301F-11D3-BF4B-00C04F79EFBC}") = "RunnerTest", "RunnerTest\RunnerTest.csproj", "{22CB8D33-CFB1-4795-9C70-A61F62EAA0DC}"
EndProject
Project("{FAE04EC0-301F-11D3-BF4B-00C04F79EFBC}") = "Runner", "Runner\Runner.csproj", "{329C4406-0632-467B-AA8A-3FC73DE07B7E}"
EndProject
Global
	GlobalSection(SolutionConfigurationPlatforms) = preSolution
		Debug|Any CPU = Debug|Any CPU
		Release|Any CPU = Release|Any CPU
	EndGlobalSection
	GlobalSection(ProjectConfigurationPlatforms) = postSolution
		{22CB8D33-CFB1-4795-9C70-A61F62EAA0DC}.Debug|Any CPU.ActiveCfg = Debug|Any CPU
		{22CB8D33-CFB1-4795-9C70-A61F62EAA0DC}.Debug|Any CPU.Build.0 = Debug|Any CPU
		{22CB8D33-CFB1-4795-9C70-A61F62EAA0DC}.Release|Any CPU.ActiveCfg = Release|Any CPU
		{22CB8D33-CFB1-4795-9C70-A61F62EAA0DC}.Release|Any CPU.Build.0 = Release|Any CPU
		{329C4406-0632-467B-AA8A-3FC73DE07B7E}.Debug|Any CPU.ActiveCfg = Debug|Any CPU
		{329C4406-0632-467B-AA8A-3FC73DE07B7E}.Debug|Any CPU.Build.0 = Debug|Any CPU
		{329C4406-0632-467B-AA8A-3FC73DE07B7E}.Release|Any CPU.ActiveCfg = Release|Any CPU
		{329C4406-0632-467B-AA8A-3FC73DE07B7E}.Release|Any CPU.Build.0 = Release|Any CPU
	EndGlobalSection
	GlobalSection(SolutionProperties) = preSolution
		HideSolutionNode = FALSE
	EndGlobalSection
	GlobalSection(ExtensibilityGlobals) = postSolution
		SolutionGuid = {AA4584F0-0A4F-447D-AAED-83F174DB1648}
	EndGlobalSection
EndGlobal
